# THIS IS AN AUTOGENERATED FILE. DO NOT EDIT THIS FILE DIRECTLY.
# yarn lockfile v1


bourbon@^7.0.0:
  version "7.0.0"
  resolved "https://registry.yarnpkg.com/bourbon/-/bourbon-7.0.0.tgz#42c0b691e99cb1f7616aad2a11b17ab88bbc4918"
  integrity sha512-49kyBY+4gwnEvnez8H0TzFjfNZpUVdCmmS873S9nQ6YUuh2+qesbOh8lA+9gAuWlqtYlF+/3Etxm/13RhceOrg==
